{
    "aws/aws-sdk-php": {
        "version": "3.112.0"
    },
    "clue/stream-filter": {
        "version": "v1.4.1"
    },
    "imagine/imagine": {
        "version": "v0.7.1"
    },
    "league/flysystem": {
        "version": "1.0.55"
    },
    "league/flysystem-aws-s3-v3": {
        "version": "1.0.23"
    },
    "league/flysystem-cached-adapter": {
        "version": "1.0.9"
    },
    "liip/imagine-bundle": {
        "version": "1.8",
        "recipe": {
            "repo": "github.com/symfony/recipes-contrib",
            "branch": "master",
            "version": "1.8",
            "ref": "1d42bc3f713130582e6e0c475c49bc327ab0a2a2"
        },
        "files": [
            "config/packages/liip_imagine.yaml",
            "config/routes/liip_imagine.yaml"
        ]
    },
    "mtdowling/jmespath.php": {
        "version": "2.4.0"
    },
    "oneup/flysystem-bundle": {
        "version": "3.0",
        "recipe": {
            "repo": "github.com/symfony/recipes-contrib",
            "branch": "master",
            "version": "3.0",
            "ref": "0eb87bba411c227da027fe5f7c1dc7954b02f242"
        },
        "files": [
            "config/packages/oneup_flysystem.yaml"
        ]
    },
    "php-http/client-common": {
        "version": "1.9.1"
    },
    "php-http/discovery": {
        "version": "1.7.0"
    },
    "php-http/httplug-bundle": {
        "version": "1.6",
        "recipe": {
            "repo": "github.com/symfony/recipes-contrib",
            "branch": "master",
            "version": "1.6",
            "ref": "4655962c64e2de96c418caf576c57215711c7877"
        },
        "files": [
            "config/packages/httplug.yaml"
        ]
    },
    "php-http/logger-plugin": {
        "version": "1.1.0"
    },
    "php-http/message": {
        "version": "1.8.0"
    },
    "php-http/message-factory": {
        "version": "v1.0.2"
    },
    "php-http/stopwatch-plugin": {
        "version": "1.2.0"
    }
}
